
Microsoft Visual Studio Solution File, Format Version 12.00
# Visual Studio Version 16
VisualStudioVersion = 16.0.30611.23
MinimumVisualStudioVersion = 10.0.40219.1
Project("{FAE04EC0-301F-11D3-BF4B-00C04F79EFBC}") = "ArrayList", "ArrayList\ArrayList.csproj", "{362F5DCB-707C-4BEC-8EDA-286793295D3A}"
EndProject
Project("{FAE04EC0-301F-11D3-BF4B-00C04F79EFBC}") = "ArrayList.Tests", "ArrayList.Tests\ArrayList.Tests.csproj", "{83A42EF7-FA07-41A8-A091-3A9CB68CA397}"
EndProject
Project("{9A19103F-16F7-4668-BE54-9A1E7A4F7556}") = "MyLib", "..\Homework4\MyLib\MyLib.csproj", "{7044CF6D-D836-423F-8D44-4D73B3CD9239}"
EndProject
Global
	GlobalSection(SolutionConfigurationPlatforms) = preSolution
		Debug|Any CPU = Debug|Any CPU
		Release|Any CPU = Release|Any CPU
	EndGlobalSection
	GlobalSection(ProjectConfigurationPlatforms) = postSolution
		{362F5DCB-707C-4BEC-8EDA-286793295D3A}.Debug|Any CPU.ActiveCfg = Debug|Any CPU
		{362F5DCB-707C-4BEC-8EDA-286793295D3A}.Debug|Any CPU.Build.0 = Debug|Any CPU
		{362F5DCB-707C-4BEC-8EDA-286793295D3A}.Release|Any CPU.ActiveCfg = Release|Any CPU
		{362F5DCB-707C-4BEC-8EDA-286793295D3A}.Release|Any CPU.Build.0 = Release|Any CPU
		{83A42EF7-FA07-41A8-A091-3A9CB68CA397}.Debug|Any CPU.ActiveCfg = Debug|Any CPU
		{83A42EF7-FA07-41A8-A091-3A9CB68CA397}.Debug|Any CPU.Build.0 = Debug|Any CPU
		{83A42EF7-FA07-41A8-A091-3A9CB68CA397}.Release|Any CPU.ActiveCfg = Release|Any CPU
		{83A42EF7-FA07-41A8-A091-3A9CB68CA397}.Release|Any CPU.Build.0 = Release|Any CPU
		{7044CF6D-D836-423F-8D44-4D73B3CD9239}.Debug|Any CPU.ActiveCfg = Debug|Any CPU
		{7044CF6D-D836-423F-8D44-4D73B3CD9239}.Debug|Any CPU.Build.0 = Debug|Any CPU
		{7044CF6D-D836-423F-8D44-4D73B3CD9239}.Release|Any CPU.ActiveCfg = Release|Any CPU
		{7044CF6D-D836-423F-8D44-4D73B3CD9239}.Release|Any CPU.Build.0 = Release|Any CPU
	EndGlobalSection
	GlobalSection(SolutionProperties) = preSolution
		HideSolutionNode = FALSE
	EndGlobalSection
	GlobalSection(ExtensibilityGlobals) = postSolution
		SolutionGuid = {F0C19E54-0CFD-4214-9C6B-F2C94905505B}
	EndGlobalSection
EndGlobal
